// !$*UTF8*$!
{
	archiveVersion = 1;
	classes = {
	};
	objectVersion = 50;
	objects = {

/* Begin PBXBuildFile section */
		7E09558F21FABE5F00B6B6F8 /* AppDelegate.swift in Sources */ = {isa = PBXBuildFile; fileRef = 7E09558E21FABE5F00B6B6F8 /* AppDelegate.swift */; };
		7E09559121FABE5F00B6B6F8 /* ViewController.swift in Sources */ = {isa = PBXBuildFile; fileRef = 7E09559021FABE5F00B6B6F8 /* ViewController.swift */; };
		7E09559421FABE5F00B6B6F8 /* Main.storyboard in Resources */ = {isa = PBXBuildFile; fileRef = 7E09559221FABE5F00B6B6F8 /* Main.storyboard */; };
		7E09559921FABE6000B6B6F8 /* LaunchScreen.storyboard in Resources */ = {isa = PBXBuildFile; fileRef = 7E09559721FABE6000B6B6F8 /* LaunchScreen.storyboard */; };
		7E151A45220ACF3A00351B4F /* CustomButton.swift in Sources */ = {isa = PBXBuildFile; fileRef = 7E151A44220ACF3A00351B4F /* CustomButton.swift */; };
		7E31F6CB220A2A57006E4FC4 /* Theme.swift in Sources */ = {isa = PBXBuildFile; fileRef = 7E31F6CA220A2A57006E4FC4 /* Theme.swift */; };
		7E6B43AA21FAD3090009119D /* Concentration.swift in Sources */ = {isa = PBXBuildFile; fileRef = 7E6B43A921FAD3090009119D /* Concentration.swift */; };
		7E6B43AC21FAD3170009119D /* Card.swift in Sources */ = {isa = PBXBuildFile; fileRef = 7E6B43AB21FAD3170009119D /* Card.swift */; };
		9F017E3EBBA71FE4572AC975 /* Pods_Lab1.framework in Frameworks */ = {isa = PBXBuildFile; fileRef = 299134EFBCE4F1ECF8059AC3 /* Pods_Lab1.framework */; };
/* End PBXBuildFile section */

/* Begin PBXFileReference section */
		19729095034F2663B72FC884 /* Pods-Lab1.debug.xcconfig */ = {isa = PBXFileReference; includeInIndex = 1; lastKnownFileType = text.xcconfig; name = "Pods-Lab1.debug.xcconfig"; path = "Pods/Target Support Files/Pods-Lab1/Pods-Lab1.debug.xcconfig"; sourceTree = "<group>"; };
		299134EFBCE4F1ECF8059AC3 /* Pods_Lab1.framework */ = {isa = PBXFileReference; explicitFileType = wrapper.framework; includeInIndex = 0; path = Pods_Lab1.framework; sourceTree = BUILT_PRODUCTS_DIR; };
		7E09558B21FABE5F00B6B6F8 /* Lab1.app */ = {isa = PBXFileReference; explicitFileType = wrapper.application; includeInIndex = 0; path = Lab1.app; sourceTree = BUILT_PRODUCTS_DIR; };
		7E09558E21FABE5F00B6B6F8 /* AppDelegate.swift */ = {isa = PBXFileReference; lastKnownFileType = sourcecode.swift; path = AppDelegate.swift; sourceTree = "<group>"; };
		7E09559021FABE5F00B6B6F8 /* ViewController.swift */ = {isa = PBXFileReference; lastKnownFileType = sourcecode.swift; path = ViewController.swift; sourceTree = "<group>"; };
		7E09559321FABE5F00B6B6F8 /* Base */ = {isa = PBXFileReference; lastKnownFileType = file.storyboard; name = Base; path = Base.lproj/Main.storyboard; sourceTree = "<group>"; };
		7E09559821FABE6000B6B6F8 /* Base */ = {isa = PBXFileReference; lastKnownFileType = file.storyboard; name = Base; path = Base.lproj/LaunchScreen.storyboard; sourceTree = "<group>"; };
		7E09559A21FABE6000B6B6F8 /* Info.plist */ = {isa = PBXFileReference; lastKnownFileType = text.plist.xml; path = Info.plist; sourceTree = "<group>"; };
		7E151A44220ACF3A00351B4F /* CustomButton.swift */ = {isa = PBXFileReference; lastKnownFileType = sourcecode.swift; path = CustomButton.swift; sourceTree = "<group>"; };
		7E31F6CA220A2A57006E4FC4 /* Theme.swift */ = {isa = PBXFileReference; lastKnownFileType = sourcecode.swift; path = Theme.swift; sourceTree = "<group>"; };
		7E6B43A921FAD3090009119D /* Concentration.swift */ = {isa = PBXFileReference; lastKnownFileType = sourcecode.swift; path = Concentration.swift; sourceTree = "<group>"; };
		7E6B43AB21FAD3170009119D /* Card.swift */ = {isa = PBXFileReference; lastKnownFileType = sourcecode.swift; path = Card.swift; sourceTree = "<group>"; };
		DED8CC5191B92A3DEDA3C382 /* Pods-Lab1.release.xcconfig */ = {isa = PBXFileReference; includeInIndex = 1; lastKnownFileType = text.xcconfig; name = "Pods-Lab1.release.xcconfig"; path = "Pods/Target Support Files/Pods-Lab1/Pods-Lab1.release.xcconfig"; sourceTree = "<group>"; };
/* End PBXFileReference section */

/* Begin PBXFrameworksBuildPhase section */
		7E09558821FABE5F00B6B6F8 /* Frameworks */ = {
			isa = PBXFrameworksBuildPhase;
			buildActionMask = 2147483647;
			files = (
				9F017E3EBBA71FE4572AC975 /* Pods_Lab1.framework in Frameworks */,
			);
			runOnlyForDeploymentPostprocessing = 0;
		};
/* End PBXFrameworksBuildPhase section */

/* Begin PBXGroup section */
		7E09558221FABE5E00B6B6F8 = {
			isa = PBXGroup;
			children = (
				7E09558D21FABE5F00B6B6F8 /* Lab1 */,
				7E09558C21FABE5F00B6B6F8 /* Products */,
				83693E67431B26DA647F3D91 /* Pods */,
				8C4004DC950BF5C2DFC5C607 /* Frameworks */,
			);
			sourceTree = "<group>";
		};
		7E09558C21FABE5F00B6B6F8 /* Products */ = {
			isa = PBXGroup;
			children = (
				7E09558B21FABE5F00B6B6F8 /* Lab1.app */,
			);
			name = Products;
			sourceTree = "<group>";
		};
		7E09558D21FABE5F00B6B6F8 /* Lab1 */ = {
			isa = PBXGroup;
			children = (
				7E09558E21FABE5F00B6B6F8 /* AppDelegate.swift */,
				7E09559021FABE5F00B6B6F8 /* ViewController.swift */,
				7E09559221FABE5F00B6B6F8 /* Main.storyboard */,
				7E09559721FABE6000B6B6F8 /* LaunchScreen.storyboard */,
				7E09559A21FABE6000B6B6F8 /* Info.plist */,
				7E6B43A921FAD3090009119D /* Concentration.swift */,
				7E6B43AB21FAD3170009119D /* Card.swift */,
				7E31F6CA220A2A57006E4FC4 /* Theme.swift */,
				7E151A44220ACF3A00351B4F /* CustomButton.swift */,
			);
			path = Lab1;
			sourceTree = "<group>";
		};
		83693E67431B26DA647F3D91 /* Pods */ = {
			isa = PBXGroup;
			children = (
				19729095034F2663B72FC884 /* Pods-Lab1.debug.xcconfig */,
				DED8CC5191B92A3DEDA3C382 /* Pods-Lab1.release.xcconfig */,
			);
			name = Pods;
			sourceTree = "<group>";
		};
		8C4004DC950BF5C2DFC5C607 /* Frameworks */ = {
			isa = PBXGroup;
			children = (
				299134EFBCE4F1ECF8059AC3 /* Pods_Lab1.framework */,
			);
			name = Frameworks;
			sourceTree = "<group>";
		};
/* End PBXGroup section */

/* Begin PBXNativeTarget section */
		7E09558A21FABE5F00B6B6F8 /* Lab1 */ = {
			isa = PBXNativeTarget;
			buildConfigurationList = 7E09559D21FABE6000B6B6F8 /* Build configuration list for PBXNativeTarget "Lab1" */;
			buildPhases = (
				D4054DC48B2D04D1E1A545E0 /* [CP] Check Pods Manifest.lock */,
				7E09558721FABE5F00B6B6F8 /* Sources */,
				7E09558821FABE5F00B6B6F8 /* Frameworks */,
				7E09558921FABE5F00B6B6F8 /* Resources */,
				0C512CADF7F9218F2255C84B /* [CP] Embed Pods Frameworks */,
			);
			buildRules = (
			);
			dependencies = (
			);
			name = Lab1;
			productName = Lab1;
			productReference = 7E09558B21FABE5F00B6B6F8 /* Lab1.app */;
			productType = "com.apple.product-type.application";
		};
/* End PBXNativeTarget section */

/* Begin PBXProject section */
		7E09558321FABE5F00B6B6F8 /* Project object */ = {
			isa = PBXProject;
			attributes = {
				LastSwiftUpdateCheck = 1010;
				LastUpgradeCheck = 1010;
				ORGANIZATIONNAME = "Ahsan Mughal";
				TargetAttributes = {
					7E09558A21FABE5F00B6B6F8 = {
						CreatedOnToolsVersion = 10.1;
					};
				};
			};
			buildConfigurationList = 7E09558621FABE5F00B6B6F8 /* Build configuration list for PBXProject "Lab1" */;
			compatibilityVersion = "Xcode 9.3";
			developmentRegion = en;
			hasScannedForEncodings = 0;
			knownRegions = (
				en,
				Base,
			);
			mainGroup = 7E09558221FABE5E00B6B6F8;
			productRefGroup = 7E09558C21FABE5F00B6B6F8 /* Products */;
			projectDirPath = "";
			projectRoot = "";
			targets = (
				7E09558A21FABE5F00B6B6F8 /* Lab1 */,
			);
		};
/* End PBXProject section */

/* Begin PBXResourcesBuildPhase section */
		7E09558921FABE5F00B6B6F8 /* Resources */ = {
			isa = PBXResourcesBuildPhase;
			buildActionMask = 2147483647;
			files = (
				7E09559921FABE6000B6B6F8 /* LaunchScreen.storyboard in Resources */,
				7E09559421FABE5F00B6B6F8 /* Main.storyboard in Resources */,
			);
			runOnlyForDeploymentPostprocessing = 0;
		};
/* End PBXResourcesBuildPhase section */

/* Begin PBXShellScriptBuildPhase section */
		0C512CADF7F9218F2255C84B /* [CP] Embed Pods Frameworks */ = {
			isa = PBXShellScriptBuildPhase;
			buildActionMask = 2147483647;
			files = (
			);
			inputFileListPaths = (
			);
			inputPaths = (
				"${SRCROOT}/Pods/Target Support Files/Pods-Lab1/Pods-Lab1-frameworks.sh",
				"${BUILT_PRODUCTS_DIR}/ChameleonFramework/ChameleonFramework.framework",
			);
			name = "[CP] Embed Pods Frameworks";
			outputFileListPaths = (
			);
			outputPaths = (
				"${TARGET_BUILD_DIR}/${FRAMEWORKS_FOLDER_PATH}/ChameleonFramework.framework",
			);
			runOnlyForDeploymentPostprocessing = 0;
			shellPath = /bin/sh;
			shellScript = "\"${SRCROOT}/Pods/Target Support Files/Pods-Lab1/Pods-Lab1-frameworks.sh\"\n";
			showEnvVarsInLog = 0;
		};
		D4054DC48B2D04D1E1A545E0 /* [CP] Check Pods Manifest.lock */ = {
			isa = PBXShellScriptBuildPhase;
			buildActionMask = 2147483647;
			files = (
			);
			inputFileListPaths = (
			);
			inputPaths = (
				"${PODS_PODFILE_DIR_PATH}/Podfile.lock",
				"${PODS_ROOT}/Manifest.lock",
			);
			name = "[CP] Check Pods Manifest.lock";
			outputFileListPaths = (
			);
			outputPaths = (
				"$(DERIVED_FILE_DIR)/Pods-Lab1-checkManifestLockResult.txt",
			);
			runOnlyForDeploymentPostprocessing = 0;
			shellPath = /bin/sh;
			shellScript = "diff \"${PODS_PODFILE_DIR_PATH}/Podfile.lock\" \"${PODS_ROOT}/Manifest.lock\" > /dev/null\nif [ $? != 0 ] ; then\n    # print error to STDERR\n    echo \"error: The sandbox is not in sync with the Podfile.lock. Run 'pod install' or update your CocoaPods installation.\" >&2\n    exit 1\nfi\n# This output is used by Xcode 'outputs' to avoid re-running this script phase.\necho \"SUCCESS\" > \"${SCRIPT_OUTPUT_FILE_0}\"\n";
			showEnvVarsInLog = 0;
		};
/* End PBXShellScriptBuildPhase section */

/* Begin PBXSourcesBuildPhase section */
		7E09558721FABE5F00B6B6F8 /* Sources */ = {
			isa = PBXSourcesBuildPhase;
			buildActionMask = 2147483647;
			files = (
				7E09559121FABE5F00B6B6F8 /* ViewController.swift in Sources */,
				7E09558F21FABE5F00B6B6F8 /* AppDelegate.swift in Sources */,
				7E151A45220ACF3A00351B4F /* CustomButton.swift in Sources */,
				7E31F6CB220A2A57006E4FC4 /* Theme.swift in Sources */,
				7E6B43AA21FAD3090009119D /* Concentration.swift in Sources */,
				7E6B43AC21FAD3170009119D /* Card.swift in Sources */,
			);
			runOnlyForDeploymentPostprocessing = 0;
		};
/* End PBXSourcesBuildPhase section */

/* Begin PBXVariantGroup section */
		7E09559221FABE5F00B6B6F8 /* Main.storyboard */ = {
			isa = PBXVariantGroup;
			children = (
				7E09559321FABE5F00B6B6F8 /* Base */,
			);
			name = Main.storyboard;
			sourceTree = "<group>";
		};
		7E09559721FABE6000B6B6F8 /* LaunchScreen.storyboard */ = {
			isa = PBXVariantGroup;
			children = (
				7E09559821FABE6000B6B6F8 /* Base */,
			);
			name = LaunchScreen.storyboard;
			sourceTree = "<group>";
		};
/* End PBXVariantGroup section */

/* Begin XCBuildConfiguration section */
		7E09559B21FABE6000B6B6F8 /* Debug */ = {
			isa = XCBuildConfiguration;
			buildSettings = {
				ALWAYS_SEARCH_USER_PATHS = NO;
				CLANG_ANALYZER_NONNULL = YES;
				CLANG_ANALYZER_NUMBER_OBJECT_CONVERSION = YES_AGGRESSIVE;
				CLANG_CXX_LANGUAGE_STANDARD = "gnu++14";
				CLANG_CXX_LIBRARY = "libc++";
				CLANG_ENABLE_MODULES = YES;
				CLANG_ENABLE_OBJC_ARC = YES;
				CLANG_ENABLE_OBJC_WEAK = YES;
				CLANG_WARN_BLOCK_CAPTURE_AUTORELEASING = YES;
				CLANG_WARN_BOOL_CONVERSION = YES;
				CLANG_WARN_COMMA = YES;
				CLANG_WARN_CONSTANT_CONVERSION = YES;
				CLANG_WARN_DEPRECATED_OBJC_IMPLEMENTATIONS = YES;
				CLANG_WARN_DIRECT_OBJC_ISA_USAGE = YES_ERROR;
				CLANG_WARN_DOCUMENTATION_COMMENTS = YES;
				CLANG_WARN_EMPTY_BODY = YES;
				CLANG_WARN_ENUM_CONVERSION = YES;
				CLANG_WARN_INFINITE_RECURSION = YES;
				CLANG_WARN_INT_CONVERSION = YES;
				CLANG_WARN_NON_LITERAL_NULL_CONVERSION = YES;
				CLANG_WARN_OBJC_IMPLICIT_RETAIN_SELF = YES;
				CLANG_WARN_OBJC_LITERAL_CONVERSION = YES;
				CLANG_WARN_OBJC_ROOT_CLASS = YES_ERROR;
				CLANG_WARN_RANGE_LOOP_ANALYSIS = YES;
				CLANG_WARN_STRICT_PROTOTYPES = YES;
				CLANG_WARN_SUSPICIOUS_MOVE = YES;
				CLANG_WARN_UNGUARDED_AVAILABILITY = YES_AGGRESSIVE;
				CLANG_WARN_UNREACHABLE_CODE = YES;
				CLANG_WARN__DUPLICATE_METHOD_MATCH = YES;
				CODE_SIGN_IDENTITY = "iPhone Developer";
				COPY_PHASE_STRIP = NO;
				DEBUG_INFORMATION_FORMAT = dwarf;
				ENABLE_STRICT_OBJC_MSGSEND = YES;
				ENABLE_TESTABILITY = YES;
				GCC_C_LANGUAGE_STANDARD = gnu11;
				GCC_DYNAMIC_NO_PIC = NO;
				GCC_NO_COMMON_BLOCKS = YES;
				GCC_OPTIMIZATION_LEVEL = 0;
				GCC_PREPROCESSOR_DEFINITIONS = (
					"DEBUG=1",
					"$(inherited)",
				);
				GCC_WARN_64_TO_32_BIT_CONVERSION = YES;
				GCC_WARN_ABOUT_RETURN_TYPE = YES_ERROR;
				GCC_WARN_UNDECLARED_SELECTOR = YES;
				GCC_WARN_UNINITIALIZED_AUTOS = YES_AGGRESSIVE;
				GCC_WARN_UNUSED_FUNCTION = YES;
				GCC_WARN_UNUSED_VARIABLE = YES;
				IPHONEOS_DEPLOYMENT_TARGET = 12.1;
				MTL_ENABLE_DEBUG_INFO = INCLUDE_SOURCE;
				MTL_FAST_MATH = YES;
				ONLY_ACTIVE_ARCH = YES;
				SDKROOT = iphoneos;
				SWIFT_ACTIVE_COMPILATION_CONDITIONS = DEBUG;
				SWIFT_OPTIMIZATION_LEVEL = "-Onone";
			};
			name = Debug;
		};
		7E09559C21FABE6000B6B6F8 /* Release */ = {
			isa = XCBuildConfiguration;
			buildSettings = {
				ALWAYS_SEARCH_USER_PATHS = NO;
				CLANG_ANALYZER_NONNULL = YES;
				CLANG_ANALYZER_NUMBER_OBJECT_CONVERSION = YES_AGGRESSIVE;
				CLANG_CXX_LANGUAGE_STANDARD = "gnu++14";
				CLANG_CXX_LIBRARY = "libc++";
				CLANG_ENABLE_MODULES = YES;
				CLANG_ENABLE_OBJC_ARC = YES;
				CLANG_ENABLE_OBJC_WEAK = YES;
				CLANG_WARN_BLOCK_CAPTURE_AUTORELEASING = YES;
				CLANG_WARN_BOOL_CONVERSION = YES;
				CLANG_WARN_COMMA = YES;
				CLANG_WARN_CONSTANT_CONVERSION = YES;
				CLANG_WARN_DEPRECATED_OBJC_IMPLEMENTATIONS = YES;
				CLANG_WARN_DIRECT_OBJC_ISA_USAGE = YES_ERROR;
				CLANG_WARN_DOCUMENTATION_COMMENTS = YES;
				CLANG_WARN_EMPTY_BODY = YES;
				CLANG_WARN_ENUM_CONVERSION = YES;
				CLANG_WARN_INFINITE_RECURSION = YES;
				CLANG_WARN_INT_CONVERSION = YES;
				CLANG_WARN_NON_LITERAL_NULL_CONVERSION = YES;
				CLANG_WARN_OBJC_IMPLICIT_RETAIN_SELF = YES;
				CLANG_WARN_OBJC_LITERAL_CONVERSION = YES;
				CLANG_WARN_OBJC_ROOT_CLASS = YES_ERROR;
				CLANG_WARN_RANGE_LOOP_ANALYSIS = YES;
				CLANG_WARN_STRICT_PROTOTYPES = YES;
				CLANG_WARN_SUSPICIOUS_MOVE = YES;
				CLANG_WARN_UNGUARDED_AVAILABILITY = YES_AGGRESSIVE;
				CLANG_WARN_UNREACHABLE_CODE = YES;
				CLANG_WARN__DUPLICATE_METHOD_MATCH = YES;
				CODE_SIGN_IDENTITY = "iPhone Developer";
				COPY_PHASE_STRIP = NO;
				DEBUG_INFORMATION_FORMAT = "dwarf-with-dsym";
				ENABLE_NS_ASSERTIONS = NO;
				ENABLE_STRICT_OBJC_MSGSEND = YES;
				GCC_C_LANGUAGE_STANDARD = gnu11;
				GCC_NO_COMMON_BLOCKS = YES;
				GCC_WARN_64_TO_32_BIT_CONVERSION = YES;
				GCC_WARN_ABOUT_RETURN_TYPE = YES_ERROR;
				GCC_WARN_UNDECLARED_SELECTOR = YES;
				GCC_WARN_UNINITIALIZED_AUTOS = YES_AGGRESSIVE;
				GCC_WARN_UNUSED_FUNCTION = YES;
				GCC_WARN_UNUSED_VARIABLE = YES;
				IPHONEOS_DEPLOYMENT_TARGET = 12.1;
				MTL_ENABLE_DEBUG_INFO = NO;
				MTL_FAST_MATH = YES;
				SDKROOT = iphoneos;
				SWIFT_COMPILATION_MODE = wholemodule;
				SWIFT_OPTIMIZATION_LEVEL = "-O";
				VALIDATE_PRODUCT = YES;
			};
			name = Release;
		};
		7E09559E21FABE6000B6B6F8 /* Debug */ = {
			isa = XCBuildConfiguration;
			baseConfigurationReference = 19729095034F2663B72FC884 /* Pods-Lab1.debug.xcconfig */;
			buildSettings = {
				ASSETCATALOG_COMPILER_APPICON_NAME = AppIcon;
				CODE_SIGN_STYLE = Automatic;
				DEVELOPMENT_TEAM = HZ27HL63QR;
				INFOPLIST_FILE = Lab1/Info.plist;
				LD_RUNPATH_SEARCH_PATHS = (
					"$(inherited)",
					"@executable_path/Frameworks",
				);
				PRODUCT_BUNDLE_IDENTIFIER = com.Ahsan.Lab1;
				PRODUCT_NAME = "$(TARGET_NAME)";
				SWIFT_VERSION = 4.2;
				TARGETED_DEVICE_FAMILY = "1,2";
			};
			name = Debug;
		};
		7E09559F21FABE6000B6B6F8 /* Release */ = {
			isa = XCBuildConfiguration;
			baseConfigurationReference = DED8CC5191B92A3DEDA3C382 /* Pods-Lab1.release.xcconfig */;
			buildSettings = {
				ASSETCATALOG_COMPILER_APPICON_NAME = AppIcon;
				CODE_SIGN_STYLE = Automatic;
				DEVELOPMENT_TEAM = HZ27HL63QR;
				INFOPLIST_FILE = Lab1/Info.plist;
				LD_RUNPATH_SEARCH_PATHS = (
					"$(inherited)",
					"@executable_path/Frameworks",
				);
				PRODUCT_BUNDLE_IDENTIFIER = com.Ahsan.Lab1;
				PRODUCT_NAME = "$(TARGET_NAME)";
				SWIFT_VERSION = 4.2;
				TARGETED_DEVICE_FAMILY = "1,2";
			};
			name = Release;
		};
/* End XCBuildConfiguration section */

/* Begin XCConfigurationList section */
		7E09558621FABE5F00B6B6F8 /* Build configuration list for PBXProject "Lab1" */ = {
			isa = XCConfigurationList;
			buildConfigurations = (
				7E09559B21FABE6000B6B6F8 /* Debug */,
				7E09559C21FABE6000B6B6F8 /* Release */,
			);
			defaultConfigurationIsVisible = 0;
			defaultConfigurationName = Release;
		};
		7E09559D21FABE6000B6B6F8 /* Build configuration list for PBXNativeTarget "Lab1" */ = {
			isa = XCConfigurationList;
			buildConfigurations = (
				7E09559E21FABE6000B6B6F8 /* Debug */,
				7E09559F21FABE6000B6B6F8 /* Release */,
			);
			defaultConfigurationIsVisible = 0;
			defaultConfigurationName = Release;
		};
/* End XCConfigurationList section */
	};
	rootObject = 7E09558321FABE5F00B6B6F8 /* Project object */;
}
